
Microsoft Visual Studio Solution File, Format Version 12.00
# Visual Studio Version 16
VisualStudioVersion = 16.0.808.4
MinimumVisualStudioVersion = 10.0.40219.1
Project("{FAE04EC0-301F-11D3-BF4B-00C04F79EFBC}") = "ExchangeRateUpdater", "ExchangeRateUpdater\ExchangeRateUpdater.csproj", "{302D3949-2DF0-4C6F-8D15-81EE397A5A38}"
EndProject
Global
	GlobalSection(SolutionConfigurationPlatforms) = preSolution
		Debug|anycpu = Debug|anycpu
		Release|anycpu = Release|anycpu
	EndGlobalSection
	GlobalSection(ProjectConfigurationPlatforms) = postSolution
		{302D3949-2DF0-4C6F-8D15-81EE397A5A38}.Debug|anycpu.ActiveCfg = Debug|anycpu
		{302D3949-2DF0-4C6F-8D15-81EE397A5A38}.Debug|anycpu.Build.0 = Debug|anycpu
		{302D3949-2DF0-4C6F-8D15-81EE397A5A38}.Release|anycpu.ActiveCfg = Release|anycpu
		{302D3949-2DF0-4C6F-8D15-81EE397A5A38}.Release|anycpu.Build.0 = Release|anycpu
	EndGlobalSection
	GlobalSection(SolutionProperties) = preSolution
		HideSolutionNode = FALSE
	EndGlobalSection
	GlobalSection(ExtensibilityGlobals) = postSolution
		SolutionGuid = {8B508B32-034E-4F3D-BAD2-442FBCB75CB7}
	EndGlobalSection
EndGlobal
